
Microsoft Visual Studio Solution File, Format Version 12.00
# Visual Studio Version 17
VisualStudioVersion = 17.5.002.0
MinimumVisualStudioVersion = 10.0.40219.1
Project("{2150E333-8FDC-42A3-9474-1A3956D46DE8}") = "Primeira lista de exercícios", "Primeira lista de exercícios", "{D3527180-A56F-479C-9BAC-135224678304}"
EndProject
Project("{9A19103F-16F7-4668-BE54-9A1E7A4F7556}") = "primeira_lista_de_exercicios", "Primeira lista de exercícios\primeira_lista_de_exercicios\primeira_lista_de_exercicios.csproj", "{8718887B-E247-43B6-97CD-866040B24FEC}"
EndProject
Global
	GlobalSection(SolutionConfigurationPlatforms) = preSolution
		Debug|Any CPU = Debug|Any CPU
		Release|Any CPU = Release|Any CPU
	EndGlobalSection
	GlobalSection(ProjectConfigurationPlatforms) = postSolution
		{8718887B-E247-43B6-97CD-866040B24FEC}.Debug|Any CPU.ActiveCfg = Debug|Any CPU
		{8718887B-E247-43B6-97CD-866040B24FEC}.Debug|Any CPU.Build.0 = Debug|Any CPU
		{8718887B-E247-43B6-97CD-866040B24FEC}.Release|Any CPU.ActiveCfg = Release|Any CPU
		{8718887B-E247-43B6-97CD-866040B24FEC}.Release|Any CPU.Build.0 = Release|Any CPU
	EndGlobalSection
	GlobalSection(SolutionProperties) = preSolution
		HideSolutionNode = FALSE
	EndGlobalSection
	GlobalSection(NestedProjects) = preSolution
		{8718887B-E247-43B6-97CD-866040B24FEC} = {D3527180-A56F-479C-9BAC-135224678304}
	EndGlobalSection
	GlobalSection(ExtensibilityGlobals) = postSolution
		SolutionGuid = {5FA15AF9-81EB-4958-A8E8-386F3BDD4196}
	EndGlobalSection
EndGlobal
