
Microsoft Visual Studio Solution File, Format Version 12.00
# Visual Studio Version 17
VisualStudioVersion = 17.5.002.0
MinimumVisualStudioVersion = 10.0.40219.1
Project("{9A19103F-16F7-4668-BE54-9A1E7A4F7556}") = "exercicio6", "exercicio6.csproj", "{AD9A4B2B-7E54-4780-9D12-62B545E290A0}"
EndProject
Global
	GlobalSection(SolutionConfigurationPlatforms) = preSolution
		Debug|Any CPU = Debug|Any CPU
		Release|Any CPU = Release|Any CPU
	EndGlobalSection
	GlobalSection(ProjectConfigurationPlatforms) = postSolution
		{AD9A4B2B-7E54-4780-9D12-62B545E290A0}.Debug|Any CPU.ActiveCfg = Debug|Any CPU
		{AD9A4B2B-7E54-4780-9D12-62B545E290A0}.Debug|Any CPU.Build.0 = Debug|Any CPU
		{AD9A4B2B-7E54-4780-9D12-62B545E290A0}.Release|Any CPU.ActiveCfg = Release|Any CPU
		{AD9A4B2B-7E54-4780-9D12-62B545E290A0}.Release|Any CPU.Build.0 = Release|Any CPU
	EndGlobalSection
	GlobalSection(SolutionProperties) = preSolution
		HideSolutionNode = FALSE
	EndGlobalSection
	GlobalSection(ExtensibilityGlobals) = postSolution
		SolutionGuid = {7D06817C-2187-4068-8427-83E5142A73E9}
	EndGlobalSection
EndGlobal
