
Microsoft Visual Studio Solution File, Format Version 12.00
# Visual Studio Version 17
VisualStudioVersion = 17.5.002.0
MinimumVisualStudioVersion = 10.0.40219.1
Project("{9A19103F-16F7-4668-BE54-9A1E7A4F7556}") = "segunda_lista_de_exercicios", "segunda_lista_de_exercicios.csproj", "{EC2821F2-B8DB-467F-AFFB-7F03A3AA460E}"
EndProject
Global
	GlobalSection(SolutionConfigurationPlatforms) = preSolution
		Debug|Any CPU = Debug|Any CPU
		Release|Any CPU = Release|Any CPU
	EndGlobalSection
	GlobalSection(ProjectConfigurationPlatforms) = postSolution
		{EC2821F2-B8DB-467F-AFFB-7F03A3AA460E}.Debug|Any CPU.ActiveCfg = Debug|Any CPU
		{EC2821F2-B8DB-467F-AFFB-7F03A3AA460E}.Debug|Any CPU.Build.0 = Debug|Any CPU
		{EC2821F2-B8DB-467F-AFFB-7F03A3AA460E}.Release|Any CPU.ActiveCfg = Release|Any CPU
		{EC2821F2-B8DB-467F-AFFB-7F03A3AA460E}.Release|Any CPU.Build.0 = Release|Any CPU
	EndGlobalSection
	GlobalSection(SolutionProperties) = preSolution
		HideSolutionNode = FALSE
	EndGlobalSection
	GlobalSection(ExtensibilityGlobals) = postSolution
		SolutionGuid = {B05799AD-08B0-4762-87CB-525430E4B949}
	EndGlobalSection
EndGlobal
